
Microsoft Visual Studio Solution File, Format Version 12.00
# Visual Studio Version 16
VisualStudioVersion = 16.0.30503.244
MinimumVisualStudioVersion = 10.0.40219.1
Project("{FAE04EC0-301F-11D3-BF4B-00C04F79EFBC}") = "Zmybiax", "Zmybiax\Zmybiax.csproj", "{AD4529E2-20F6-4ED0-A477-C458C1CC1D17}"
EndProject
Global
	GlobalSection(SolutionConfigurationPlatforms) = preSolution
		Debug|Any CPU = Debug|Any CPU
		Release|Any CPU = Release|Any CPU
	EndGlobalSection
	GlobalSection(ProjectConfigurationPlatforms) = postSolution
		{AD4529E2-20F6-4ED0-A477-C458C1CC1D17}.Debug|Any CPU.ActiveCfg = Debug|Any CPU
		{AD4529E2-20F6-4ED0-A477-C458C1CC1D17}.Debug|Any CPU.Build.0 = Debug|Any CPU
		{AD4529E2-20F6-4ED0-A477-C458C1CC1D17}.Release|Any CPU.ActiveCfg = Release|Any CPU
		{AD4529E2-20F6-4ED0-A477-C458C1CC1D17}.Release|Any CPU.Build.0 = Release|Any CPU
	EndGlobalSection
	GlobalSection(SolutionProperties) = preSolution
		HideSolutionNode = FALSE
	EndGlobalSection
	GlobalSection(ExtensibilityGlobals) = postSolution
		SolutionGuid = {9F1D7B0B-9153-4F40-ACED-A03116A1DA17}
	EndGlobalSection
EndGlobal
